
Microsoft Visual Studio Solution File, Format Version 12.00
# Visual Studio Version 17
VisualStudioVersion = 17.8.34511.84
MinimumVisualStudioVersion = 10.0.40219.1
Project("{FAE04EC0-301F-11D3-BF4B-00C04F79EFBC}") = "leave-management-system-api", "leave-management-system-api\leave-management-system-api.csproj", "{7FB16216-A5B4-4DF8-B325-962909B1B33D}"
EndProject
Global
	GlobalSection(SolutionConfigurationPlatforms) = preSolution
		Debug|Any CPU = Debug|Any CPU
		Release|Any CPU = Release|Any CPU
	EndGlobalSection
	GlobalSection(ProjectConfigurationPlatforms) = postSolution
		{7FB16216-A5B4-4DF8-B325-962909B1B33D}.Debug|Any CPU.ActiveCfg = Debug|Any CPU
		{7FB16216-A5B4-4DF8-B325-962909B1B33D}.Debug|Any CPU.Build.0 = Debug|Any CPU
		{7FB16216-A5B4-4DF8-B325-962909B1B33D}.Release|Any CPU.ActiveCfg = Release|Any CPU
		{7FB16216-A5B4-4DF8-B325-962909B1B33D}.Release|Any CPU.Build.0 = Release|Any CPU
	EndGlobalSection
	GlobalSection(SolutionProperties) = preSolution
		HideSolutionNode = FALSE
	EndGlobalSection
	GlobalSection(ExtensibilityGlobals) = postSolution
		SolutionGuid = {9DA7453E-F404-4615-A76C-4CF23A4701EF}
	EndGlobalSection
EndGlobal
